
Microsoft Visual Studio Solution File, Format Version 12.00
# Visual Studio Version 16
VisualStudioVersion = 16.0.30804.86
MinimumVisualStudioVersion = 10.0.40219.1
Project("{FAE04EC0-301F-11D3-BF4B-00C04F79EFBC}") = "Calculator.Android", "Calculator\Calculator.Android\Calculator.Android.csproj", "{1AE2D5F9-7B9B-4957-AEF0-6C305777FAFB}"
EndProject
Project("{FAE04EC0-301F-11D3-BF4B-00C04F79EFBC}") = "Calculator.iOS", "Calculator\Calculator.iOS\Calculator.iOS.csproj", "{6118985D-F5CA-4CDC-B145-53D8E6275AF6}"
EndProject
Project("{FAE04EC0-301F-11D3-BF4B-00C04F79EFBC}") = "Calculator", "Calculator\Calculator\Calculator.csproj", "{032BA6FC-5D38-48D2-9B27-E5E8A6F41A13}"
EndProject
Global
	GlobalSection(SolutionConfigurationPlatforms) = preSolution
		Debug|Any CPU = Debug|Any CPU
		Debug|iPhone = Debug|iPhone
		Debug|iPhoneSimulator = Debug|iPhoneSimulator
		Release|Any CPU = Release|Any CPU
		Release|iPhone = Release|iPhone
		Release|iPhoneSimulator = Release|iPhoneSimulator
	EndGlobalSection
	GlobalSection(ProjectConfigurationPlatforms) = postSolution
		{1AE2D5F9-7B9B-4957-AEF0-6C305777FAFB}.Debug|Any CPU.ActiveCfg = Debug|Any CPU
		{1AE2D5F9-7B9B-4957-AEF0-6C305777FAFB}.Debug|Any CPU.Build.0 = Debug|Any CPU
		{1AE2D5F9-7B9B-4957-AEF0-6C305777FAFB}.Debug|Any CPU.Deploy.0 = Debug|Any CPU
		{1AE2D5F9-7B9B-4957-AEF0-6C305777FAFB}.Debug|iPhone.ActiveCfg = Debug|Any CPU
		{1AE2D5F9-7B9B-4957-AEF0-6C305777FAFB}.Debug|iPhone.Build.0 = Debug|Any CPU
		{1AE2D5F9-7B9B-4957-AEF0-6C305777FAFB}.Debug|iPhone.Deploy.0 = Debug|Any CPU
		{1AE2D5F9-7B9B-4957-AEF0-6C305777FAFB}.Debug|iPhoneSimulator.ActiveCfg = Debug|Any CPU
		{1AE2D5F9-7B9B-4957-AEF0-6C305777FAFB}.Debug|iPhoneSimulator.Build.0 = Debug|Any CPU
		{1AE2D5F9-7B9B-4957-AEF0-6C305777FAFB}.Debug|iPhoneSimulator.Deploy.0 = Debug|Any CPU
		{1AE2D5F9-7B9B-4957-AEF0-6C305777FAFB}.Release|Any CPU.ActiveCfg = Release|Any CPU
		{1AE2D5F9-7B9B-4957-AEF0-6C305777FAFB}.Release|Any CPU.Build.0 = Release|Any CPU
		{1AE2D5F9-7B9B-4957-AEF0-6C305777FAFB}.Release|Any CPU.Deploy.0 = Release|Any CPU
		{1AE2D5F9-7B9B-4957-AEF0-6C305777FAFB}.Release|iPhone.ActiveCfg = Release|Any CPU
		{1AE2D5F9-7B9B-4957-AEF0-6C305777FAFB}.Release|iPhone.Build.0 = Release|Any CPU
		{1AE2D5F9-7B9B-4957-AEF0-6C305777FAFB}.Release|iPhone.Deploy.0 = Release|Any CPU
		{1AE2D5F9-7B9B-4957-AEF0-6C305777FAFB}.Release|iPhoneSimulator.ActiveCfg = Release|Any CPU
		{1AE2D5F9-7B9B-4957-AEF0-6C305777FAFB}.Release|iPhoneSimulator.Build.0 = Release|Any CPU
		{1AE2D5F9-7B9B-4957-AEF0-6C305777FAFB}.Release|iPhoneSimulator.Deploy.0 = Release|Any CPU
		{6118985D-F5CA-4CDC-B145-53D8E6275AF6}.Debug|Any CPU.ActiveCfg = Debug|iPhone
		{6118985D-F5CA-4CDC-B145-53D8E6275AF6}.Debug|Any CPU.Build.0 = Debug|iPhone
		{6118985D-F5CA-4CDC-B145-53D8E6275AF6}.Debug|Any CPU.Deploy.0 = Debug|iPhone
		{6118985D-F5CA-4CDC-B145-53D8E6275AF6}.Debug|iPhone.ActiveCfg = Debug|iPhone
		{6118985D-F5CA-4CDC-B145-53D8E6275AF6}.Debug|iPhone.Build.0 = Debug|iPhone
		{6118985D-F5CA-4CDC-B145-53D8E6275AF6}.Debug|iPhone.Deploy.0 = Debug|iPhone
		{6118985D-F5CA-4CDC-B145-53D8E6275AF6}.Debug|iPhoneSimulator.ActiveCfg = Debug|iPhoneSimulator
		{6118985D-F5CA-4CDC-B145-53D8E6275AF6}.Debug|iPhoneSimulator.Build.0 = Debug|iPhoneSimulator
		{6118985D-F5CA-4CDC-B145-53D8E6275AF6}.Debug|iPhoneSimulator.Deploy.0 = Debug|iPhoneSimulator
		{6118985D-F5CA-4CDC-B145-53D8E6275AF6}.Release|Any CPU.ActiveCfg = Release|iPhoneSimulator
		{6118985D-F5CA-4CDC-B145-53D8E6275AF6}.Release|Any CPU.Build.0 = Release|iPhoneSimulator
		{6118985D-F5CA-4CDC-B145-53D8E6275AF6}.Release|Any CPU.Deploy.0 = Release|iPhoneSimulator
		{6118985D-F5CA-4CDC-B145-53D8E6275AF6}.Release|iPhone.ActiveCfg = Release|iPhone
		{6118985D-F5CA-4CDC-B145-53D8E6275AF6}.Release|iPhone.Build.0 = Release|iPhone
		{6118985D-F5CA-4CDC-B145-53D8E6275AF6}.Release|iPhone.Deploy.0 = Release|iPhone
		{6118985D-F5CA-4CDC-B145-53D8E6275AF6}.Release|iPhoneSimulator.ActiveCfg = Release|iPhoneSimulator
		{6118985D-F5CA-4CDC-B145-53D8E6275AF6}.Release|iPhoneSimulator.Build.0 = Release|iPhoneSimulator
		{6118985D-F5CA-4CDC-B145-53D8E6275AF6}.Release|iPhoneSimulator.Deploy.0 = Release|iPhoneSimulator
		{032BA6FC-5D38-48D2-9B27-E5E8A6F41A13}.Debug|Any CPU.ActiveCfg = Debug|Any CPU
		{032BA6FC-5D38-48D2-9B27-E5E8A6F41A13}.Debug|Any CPU.Build.0 = Debug|Any CPU
		{032BA6FC-5D38-48D2-9B27-E5E8A6F41A13}.Debug|Any CPU.Deploy.0 = Debug|Any CPU
		{032BA6FC-5D38-48D2-9B27-E5E8A6F41A13}.Debug|iPhone.ActiveCfg = Debug|Any CPU
		{032BA6FC-5D38-48D2-9B27-E5E8A6F41A13}.Debug|iPhone.Build.0 = Debug|Any CPU
		{032BA6FC-5D38-48D2-9B27-E5E8A6F41A13}.Debug|iPhone.Deploy.0 = Debug|Any CPU
		{032BA6FC-5D38-48D2-9B27-E5E8A6F41A13}.Debug|iPhoneSimulator.ActiveCfg = Debug|Any CPU
		{032BA6FC-5D38-48D2-9B27-E5E8A6F41A13}.Debug|iPhoneSimulator.Build.0 = Debug|Any CPU
		{032BA6FC-5D38-48D2-9B27-E5E8A6F41A13}.Debug|iPhoneSimulator.Deploy.0 = Debug|Any CPU
		{032BA6FC-5D38-48D2-9B27-E5E8A6F41A13}.Release|Any CPU.ActiveCfg = Release|Any CPU
		{032BA6FC-5D38-48D2-9B27-E5E8A6F41A13}.Release|Any CPU.Build.0 = Release|Any CPU
		{032BA6FC-5D38-48D2-9B27-E5E8A6F41A13}.Release|Any CPU.Deploy.0 = Release|Any CPU
		{032BA6FC-5D38-48D2-9B27-E5E8A6F41A13}.Release|iPhone.ActiveCfg = Release|Any CPU
		{032BA6FC-5D38-48D2-9B27-E5E8A6F41A13}.Release|iPhone.Build.0 = Release|Any CPU
		{032BA6FC-5D38-48D2-9B27-E5E8A6F41A13}.Release|iPhone.Deploy.0 = Release|Any CPU
		{032BA6FC-5D38-48D2-9B27-E5E8A6F41A13}.Release|iPhoneSimulator.ActiveCfg = Release|Any CPU
		{032BA6FC-5D38-48D2-9B27-E5E8A6F41A13}.Release|iPhoneSimulator.Build.0 = Release|Any CPU
		{032BA6FC-5D38-48D2-9B27-E5E8A6F41A13}.Release|iPhoneSimulator.Deploy.0 = Release|Any CPU
	EndGlobalSection
	GlobalSection(SolutionProperties) = preSolution
		HideSolutionNode = FALSE
	EndGlobalSection
	GlobalSection(ExtensibilityGlobals) = postSolution
		SolutionGuid = {D89AC311-B17D-4A5D-B9F6-BD35BF75B059}
	EndGlobalSection
EndGlobal
